schema: '2.0'
stages:
  prepare:
    cmd: python scripts/make_dataset.py
    deps:
    - path: config/config.yaml
      hash: md5
      md5: 0d9c3f1bc0495813eed74c3db066d5fd
      size: 4415
    - path: data/raw/images
      hash: md5
      md5: d69d916e9fdb9ea3a5bc0d18b46fcb09.dir
      size: 810572066
      nfiles: 51555
    - path: src/data/make_dataset.py
      hash: md5
      md5: d311207fdfcd1a98c8f339836dd867fc
      size: 3422
    params:
      params.yaml:
        prepare.seed: 123
        prepare.test_split: 0.1
        prepare.train_split: 0.8
        prepare.val_split: 0.1
    outs:
    - path: data/processed/test
      hash: md5
      md5: 4cd27915585de0b8f952825c5ecd35e6.dir
      size: 82277436
      nfiles: 5184
    - path: data/processed/train
      hash: md5
      md5: 821be6864ba71346977382611620f846.dir
      size: 647431482
      nfiles: 41230
    - path: data/processed/val
      hash: md5
      md5: 08fb57201516bafb3c4e7cd1abfe13ee.dir
      size: 80863148
      nfiles: 5141
  train:
    cmd: python scripts/train.py
    deps:
    - path: config/config.yaml
      hash: md5
      md5: 0d9c3f1bc0495813eed74c3db066d5fd
      size: 4415
    - path: data/processed/train
      hash: md5
      md5: 821be6864ba71346977382611620f846.dir
      size: 647431482
      nfiles: 41230
    - path: data/processed/val
      hash: md5
      md5: 08fb57201516bafb3c4e7cd1abfe13ee.dir
      size: 80863148
      nfiles: 5141
    - path: src/data/preprocess.py
      hash: md5
      md5: 7488f6aadc598625fd6a61ee58aa93d3
      size: 2836
    - path: src/models/model.py
      hash: md5
      md5: ee8b304ef9d8632c137b267827df56af
      size: 1524
    - path: src/models/train.py
      hash: md5
      md5: 3dcfa84d435135bf9302865afcaf18cc
      size: 7525
    params:
      params.yaml:
        train.batch_size: 16
        train.channels: 3
        train.early_stopping_patience: 8
        train.epochs: 15
        train.image_size: 256
        train.learning_rate: 0.001
        train.seed: 123
    outs:
    - path: models/plant_disease_model.keras
      hash: md5
      md5: 672227f096d47eeb1ec82976c3153295
      size: 11671217
  evaluate:
    cmd: python scripts/evaluate.py
    deps:
    - path: data/processed/test
      hash: md5
      md5: 4cd27915585de0b8f952825c5ecd35e6.dir
      size: 82277436
      nfiles: 5184
    - path: models/plant_disease_model.keras
      hash: md5
      md5: 672227f096d47eeb1ec82976c3153295
      size: 11671217
    - path: src/models/evaluate.py
      hash: md5
      md5: 349dd8922a5715442c5273b3715ae6bf
      size: 7346
    outs:
    - path: reports/evaluation.txt
      hash: md5
      md5: 5e2c2cb9daaa7a1b7f915d9e294c92c7
      size: 3616
    - path: reports/figures/confusion_matrix.png
      hash: md5
      md5: 1e306d4fa14443b0bdc42f15c999d174
      size: 359309
    - path: reports/figures/sample_predictions.png
      hash: md5
      md5: 5db4d0db561cd4311aaca5d6afe2a47a
      size: 3150353
    - path: reports/figures/training_curve.png
      hash: md5
      md5: c33a3efec1a0fd19876c01cf415a2ec5
      size: 82929
