schema: '2.0'
stages:
  prepare:
    cmd: python scripts/make_dataset.py
    deps:
    - path: config/config.yaml
      hash: md5
      md5: 6384aa6163be65952d7828fb954c039c
      size: 4514
    - path: data/raw/images
      hash: md5
      md5: 334df3e889575ab2102efa1ffce861b5.dir
      size: 820106415
      nfiles: 52755
    - path: src/data/make_dataset.py
      hash: md5
      md5: d311207fdfcd1a98c8f339836dd867fc
      size: 3422
    params:
      params.yaml:
        prepare.seed: 123
        prepare.test_split: 0.1
        prepare.train_split: 0.8
        prepare.val_split: 0.1
    outs:
    - path: data/processed/test
      hash: md5
      md5: fa1a7045f89674ceabc47e124c0e60a5.dir
      size: 82276385
      nfiles: 5304
    - path: data/processed/train
      hash: md5
      md5: 8b25c99abbd6818feb2abb060ca02124.dir
      size: 655782334
      nfiles: 42190
    - path: data/processed/val
      hash: md5
      md5: 80070752de1324a733dfef939ffd4d16.dir
      size: 82047696
      nfiles: 5261
  train:
    cmd: python scripts/train.py
    deps:
    - path: config/config.yaml
      hash: md5
      md5: 21a2c6a3147808aa920580490701915c
      size: 4082
    - path: data/processed/train
      hash: md5
      md5: 8b25c99abbd6818feb2abb060ca02124.dir
      size: 655782334
      nfiles: 42190
    - path: data/processed/val
      hash: md5
      md5: 80070752de1324a733dfef939ffd4d16.dir
      size: 82047696
      nfiles: 5261
    - path: src/data/preprocess.py
      hash: md5
      md5: 7488f6aadc598625fd6a61ee58aa93d3
      size: 2836
    - path: src/models/model.py
      hash: md5
      md5: 4f51c4213a19615128c7a37bf302befa
      size: 1609
    - path: src/models/train.py
      hash: md5
      md5: 487073e95b56b8717c20a494265a0005
      size: 10542
    params:
      params.yaml:
        train.batch_size: 16
        train.channels: 3
        train.early_stopping_patience: 8
        train.epochs: 15
        train.fine_tune_early_stopping_patience: 4
        train.fine_tune_epochs: 8
        train.fine_tune_learning_rate: 1e-05
        train.fine_tune_unfreeze_layers: 30
        train.image_size: 256
        train.learning_rate: 0.001
        train.seed: 123
    outs:
    - path: models/plant_disease_model.keras
      hash: md5
      md5: dd9ba7b44bc52a61c29c432317bc20ad
      size: 11672767
  evaluate:
    cmd: python scripts/evaluate.py
    deps:
    - path: data/processed/test
      hash: md5
      md5: fa1a7045f89674ceabc47e124c0e60a5.dir
      size: 82276385
      nfiles: 5304
    - path: models/plant_disease_model.keras
      hash: md5
      md5: dd9ba7b44bc52a61c29c432317bc20ad
      size: 11672767
    - path: src/models/evaluate.py
      hash: md5
      md5: 349dd8922a5715442c5273b3715ae6bf
      size: 7346
    outs:
    - path: reports/evaluation.txt
      hash: md5
      md5: cf6668b4d15361cb901939f178057129
      size: 3702
    - path: reports/figures/confusion_matrix.png
      hash: md5
      md5: 02743b687fac8a11e086ff75392c79a0
      size: 355122
    - path: reports/figures/sample_predictions.png
      hash: md5
      md5: 7e2b44488b8efb008fafb4428799b661
      size: 3150600
    - path: reports/figures/training_curve.png
      hash: md5
      md5: 08014cdc634420f96fa51d7b51682004
      size: 79577
